
Microsoft Visual Studio Solution File, Format Version 12.00
# Visual Studio 15
VisualStudioVersion = 15.0.26730.10
MinimumVisualStudioVersion = 10.0.40219.1
Project("{9A19103F-16F7-4668-BE54-9A1E7A4F7556}") = "DictoData", "DictoData\DictoData.csproj", "{F0366302-80EE-4CF3-B6D0-E96F21A72289}"
EndProject
Project("{FAE04EC0-301F-11D3-BF4B-00C04F79EFBC}") = "DictoWeb", "DictoWeb\DictoWeb.csproj", "{D81AB19F-0D09-464D-9A92-1B5E1903C9FE}"
EndProject
Global
	GlobalSection(SolutionConfigurationPlatforms) = preSolution
		Debug|Any CPU = Debug|Any CPU
		Release|Any CPU = Release|Any CPU
	EndGlobalSection
	GlobalSection(ProjectConfigurationPlatforms) = postSolution
		{F0366302-80EE-4CF3-B6D0-E96F21A72289}.Debug|Any CPU.ActiveCfg = Debug|Any CPU
		{F0366302-80EE-4CF3-B6D0-E96F21A72289}.Debug|Any CPU.Build.0 = Debug|Any CPU
		{F0366302-80EE-4CF3-B6D0-E96F21A72289}.Release|Any CPU.ActiveCfg = Release|Any CPU
		{F0366302-80EE-4CF3-B6D0-E96F21A72289}.Release|Any CPU.Build.0 = Release|Any CPU
		{D81AB19F-0D09-464D-9A92-1B5E1903C9FE}.Debug|Any CPU.ActiveCfg = Debug|Any CPU
		{D81AB19F-0D09-464D-9A92-1B5E1903C9FE}.Debug|Any CPU.Build.0 = Debug|Any CPU
		{D81AB19F-0D09-464D-9A92-1B5E1903C9FE}.Release|Any CPU.ActiveCfg = Release|Any CPU
		{D81AB19F-0D09-464D-9A92-1B5E1903C9FE}.Release|Any CPU.Build.0 = Release|Any CPU
	EndGlobalSection
	GlobalSection(SolutionProperties) = preSolution
		HideSolutionNode = FALSE
	EndGlobalSection
	GlobalSection(ExtensibilityGlobals) = postSolution
		SolutionGuid = {7FF05046-E6CB-4A5D-BD98-519A7A4B0DAC}
	EndGlobalSection
EndGlobal
